// !$*UTF8*$!
{
	archiveVersion = 1;
	classes = {
	};
	objectVersion = 50;
	objects = {

/* Begin PBXBuildFile section */
		ED5BBF6126D1DE1200CA94FB /* AppDelegate.swift in Sources */ = {isa = PBXBuildFile; fileRef = ED5BBF6026D1DE1200CA94FB /* AppDelegate.swift */; };
		ED5BBF6326D1DE1200CA94FB /* SceneDelegate.swift in Sources */ = {isa = PBXBuildFile; fileRef = ED5BBF6226D1DE1200CA94FB /* SceneDelegate.swift */; };
		ED5BBF6526D1DE1200CA94FB /* ViewController.swift in Sources */ = {isa = PBXBuildFile; fileRef = ED5BBF6426D1DE1200CA94FB /* ViewController.swift */; };
		ED5BBF6826D1DE1200CA94FB /* Main.storyboard in Resources */ = {isa = PBXBuildFile; fileRef = ED5BBF6626D1DE1200CA94FB /* Main.storyboard */; };
		ED5BBF6A26D1DE1300CA94FB /* Assets.xcassets in Resources */ = {isa = PBXBuildFile; fileRef = ED5BBF6926D1DE1300CA94FB /* Assets.xcassets */; };
		ED5BBF6D26D1DE1300CA94FB /* LaunchScreen.storyboard in Resources */ = {isa = PBXBuildFile; fileRef = ED5BBF6B26D1DE1300CA94FB /* LaunchScreen.storyboard */; };
		ED5BBF7826D1DE1300CA94FB /* PreworkTests.swift in Sources */ = {isa = PBXBuildFile; fileRef = ED5BBF7726D1DE1300CA94FB /* PreworkTests.swift */; };
		ED5BBF8326D1DE1300CA94FB /* PreworkTests.swift in Sources */ = {isa = PBXBuildFile; fileRef = ED5BBF8226D1DE1300CA94FB /* PreworkTests.swift */; };
/* End PBXBuildFile section */

/* Begin PBXContainerItemProxy section */
		ED5BBF7426D1DE1300CA94FB /* PBXContainerItemProxy */ = {
			isa = PBXContainerItemProxy;
			containerPortal = ED5BBF5526D1DE1200CA94FB /* Project object */;
			proxyType = 1;
			remoteGlobalIDString = ED5BBF5C26D1DE1200CA94FB;
			remoteInfo = Prework;
		};
		ED5BBF7F26D1DE1300CA94FB /* PBXContainerItemProxy */ = {
			isa = PBXContainerItemProxy;
			containerPortal = ED5BBF5526D1DE1200CA94FB /* Project object */;
			proxyType = 1;
			remoteGlobalIDString = ED5BBF5C26D1DE1200CA94FB;
			remoteInfo = Prework;
		};
/* End PBXContainerItemProxy section */

/* Begin PBXFileReference section */
		ED5BBF5D26D1DE1200CA94FB /* TipCalc.app */ = {isa = PBXFileReference; explicitFileType = wrapper.application; includeInIndex = 0; path = TipCalc.app; sourceTree = BUILT_PRODUCTS_DIR; };
		ED5BBF6026D1DE1200CA94FB /* AppDelegate.swift */ = {isa = PBXFileReference; lastKnownFileType = sourcecode.swift; path = AppDelegate.swift; sourceTree = "<group>"; };
		ED5BBF6226D1DE1200CA94FB /* SceneDelegate.swift */ = {isa = PBXFileReference; lastKnownFileType = sourcecode.swift; path = SceneDelegate.swift; sourceTree = "<group>"; };
		ED5BBF6426D1DE1200CA94FB /* ViewController.swift */ = {isa = PBXFileReference; lastKnownFileType = sourcecode.swift; path = ViewController.swift; sourceTree = "<group>"; };
		ED5BBF6726D1DE1200CA94FB /* Base */ = {isa = PBXFileReference; lastKnownFileType = file.storyboard; name = Base; path = Base.lproj/Main.storyboard; sourceTree = "<group>"; };
		ED5BBF6926D1DE1300CA94FB /* Assets.xcassets */ = {isa = PBXFileReference; lastKnownFileType = folder.assetcatalog; path = Assets.xcassets; sourceTree = "<group>"; };
		ED5BBF6C26D1DE1300CA94FB /* Base */ = {isa = PBXFileReference; lastKnownFileType = file.storyboard; name = Base; path = Base.lproj/LaunchScreen.storyboard; sourceTree = "<group>"; };
		ED5BBF6E26D1DE1300CA94FB /* Info.plist */ = {isa = PBXFileReference; lastKnownFileType = text.plist.xml; path = Info.plist; sourceTree = "<group>"; };
		ED5BBF7326D1DE1300CA94FB /* TipCalcTests.xctest */ = {isa = PBXFileReference; explicitFileType = wrapper.cfbundle; includeInIndex = 0; path = TipCalcTests.xctest; sourceTree = BUILT_PRODUCTS_DIR; };
		ED5BBF7726D1DE1300CA94FB /* PreworkTests.swift */ = {isa = PBXFileReference; lastKnownFileType = sourcecode.swift; path = PreworkTests.swift; sourceTree = "<group>"; };
		ED5BBF7926D1DE1300CA94FB /* Info.plist */ = {isa = PBXFileReference; lastKnownFileType = text.plist.xml; path = Info.plist; sourceTree = "<group>"; };
		ED5BBF7E26D1DE1300CA94FB /* TipCalcUITests.xctest */ = {isa = PBXFileReference; explicitFileType = wrapper.cfbundle; includeInIndex = 0; path = TipCalcUITests.xctest; sourceTree = BUILT_PRODUCTS_DIR; };
		ED5BBF8226D1DE1300CA94FB /* PreworkTests.swift */ = {isa = PBXFileReference; lastKnownFileType = sourcecode.swift; path = PreworkTests.swift; sourceTree = "<group>"; };
		ED5BBF8426D1DE1300CA94FB /* Info.plist */ = {isa = PBXFileReference; lastKnownFileType = text.plist.xml; path = Info.plist; sourceTree = "<group>"; };
/* End PBXFileReference section */

/* Begin PBXFrameworksBuildPhase section */
		ED5BBF5A26D1DE1200CA94FB /* Frameworks */ = {
			isa = PBXFrameworksBuildPhase;
			buildActionMask = 2147483647;
			files = (
			);
			runOnlyForDeploymentPostprocessing = 0;
		};
		ED5BBF7026D1DE1300CA94FB /* Frameworks */ = {
			isa = PBXFrameworksBuildPhase;
			buildActionMask = 2147483647;
			files = (
			);
			runOnlyForDeploymentPostprocessing = 0;
		};
		ED5BBF7B26D1DE1300CA94FB /* Frameworks */ = {
			isa = PBXFrameworksBuildPhase;
			buildActionMask = 2147483647;
			files = (
			);
			runOnlyForDeploymentPostprocessing = 0;
		};
/* End PBXFrameworksBuildPhase section */

/* Begin PBXGroup section */
		ED5BBF5426D1DE1200CA94FB = {
			isa = PBXGroup;
			children = (
				ED5BBF5F26D1DE1200CA94FB /* Prework */,
				ED5BBF7626D1DE1300CA94FB /* PreworkTests */,
				ED5BBF8126D1DE1300CA94FB /* PreworkUITests */,
				ED5BBF5E26D1DE1200CA94FB /* Products */,
			);
			sourceTree = "<group>";
		};
		ED5BBF5E26D1DE1200CA94FB /* Products */ = {
			isa = PBXGroup;
			children = (
				ED5BBF5D26D1DE1200CA94FB /* TipCalc.app */,
				ED5BBF7326D1DE1300CA94FB /* TipCalcTests.xctest */,
				ED5BBF7E26D1DE1300CA94FB /* TipCalcUITests.xctest */,
			);
			name = Products;
			sourceTree = "<group>";
		};
		ED5BBF5F26D1DE1200CA94FB /* Prework */ = {
			isa = PBXGroup;
			children = (
				ED5BBF6026D1DE1200CA94FB /* AppDelegate.swift */,
				ED5BBF6226D1DE1200CA94FB /* SceneDelegate.swift */,
				ED5BBF6426D1DE1200CA94FB /* ViewController.swift */,
				ED5BBF6626D1DE1200CA94FB /* Main.storyboard */,
				ED5BBF6926D1DE1300CA94FB /* Assets.xcassets */,
				ED5BBF6B26D1DE1300CA94FB /* LaunchScreen.storyboard */,
				ED5BBF6E26D1DE1300CA94FB /* Info.plist */,
			);
			path = Prework;
			sourceTree = "<group>";
		};
		ED5BBF7626D1DE1300CA94FB /* PreworkTests */ = {
			isa = PBXGroup;
			children = (
				ED5BBF7726D1DE1300CA94FB /* PreworkTests.swift */,
				ED5BBF7926D1DE1300CA94FB /* Info.plist */,
			);
			path = PreworkTests;
			sourceTree = "<group>";
		};
		ED5BBF8126D1DE1300CA94FB /* PreworkUITests */ = {
			isa = PBXGroup;
			children = (
				ED5BBF8226D1DE1300CA94FB /* PreworkTests.swift */,
				ED5BBF8426D1DE1300CA94FB /* Info.plist */,
			);
			path = PreworkUITests;
			sourceTree = "<group>";
		};
/* End PBXGroup section */

/* Begin PBXNativeTarget section */
		ED5BBF5C26D1DE1200CA94FB /* TipCalc */ = {
			isa = PBXNativeTarget;
			buildConfigurationList = ED5BBF8726D1DE1300CA94FB /* Build configuration list for PBXNativeTarget "TipCalc" */;
			buildPhases = (
				ED5BBF5926D1DE1200CA94FB /* Sources */,
				ED5BBF5A26D1DE1200CA94FB /* Frameworks */,
				ED5BBF5B26D1DE1200CA94FB /* Resources */,
			);
			buildRules = (
			);
			dependencies = (
			);
			name = TipCalc;
			productName = Prework;
			productReference = ED5BBF5D26D1DE1200CA94FB /* TipCalc.app */;
			productType = "com.apple.product-type.application";
		};
		ED5BBF7226D1DE1300CA94FB /* TipCalcTests */ = {
			isa = PBXNativeTarget;
			buildConfigurationList = ED5BBF8A26D1DE1300CA94FB /* Build configuration list for PBXNativeTarget "TipCalcTests" */;
			buildPhases = (
				ED5BBF6F26D1DE1300CA94FB /* Sources */,
				ED5BBF7026D1DE1300CA94FB /* Frameworks */,
				ED5BBF7126D1DE1300CA94FB /* Resources */,
			);
			buildRules = (
			);
			dependencies = (
				ED5BBF7526D1DE1300CA94FB /* PBXTargetDependency */,
			);
			name = TipCalcTests;
			productName = PreworkTests;
			productReference = ED5BBF7326D1DE1300CA94FB /* TipCalcTests.xctest */;
			productType = "com.apple.product-type.bundle.unit-test";
		};
		ED5BBF7D26D1DE1300CA94FB /* TipCalcUITests */ = {
			isa = PBXNativeTarget;
			buildConfigurationList = ED5BBF8D26D1DE1300CA94FB /* Build configuration list for PBXNativeTarget "TipCalcUITests" */;
			buildPhases = (
				ED5BBF7A26D1DE1300CA94FB /* Sources */,
				ED5BBF7B26D1DE1300CA94FB /* Frameworks */,
				ED5BBF7C26D1DE1300CA94FB /* Resources */,
			);
			buildRules = (
			);
			dependencies = (
				ED5BBF8026D1DE1300CA94FB /* PBXTargetDependency */,
			);
			name = TipCalcUITests;
			productName = PreworkUITests;
			productReference = ED5BBF7E26D1DE1300CA94FB /* TipCalcUITests.xctest */;
			productType = "com.apple.product-type.bundle.ui-testing";
		};
/* End PBXNativeTarget section */

/* Begin PBXProject section */
		ED5BBF5526D1DE1200CA94FB /* Project object */ = {
			isa = PBXProject;
			attributes = {
				LastSwiftUpdateCheck = 1250;
				LastUpgradeCheck = 1250;
				TargetAttributes = {
					ED5BBF5C26D1DE1200CA94FB = {
						CreatedOnToolsVersion = 12.5;
					};
					ED5BBF7226D1DE1300CA94FB = {
						CreatedOnToolsVersion = 12.5;
						TestTargetID = ED5BBF5C26D1DE1200CA94FB;
					};
					ED5BBF7D26D1DE1300CA94FB = {
						CreatedOnToolsVersion = 12.5;
						TestTargetID = ED5BBF5C26D1DE1200CA94FB;
					};
				};
			};
			buildConfigurationList = ED5BBF5826D1DE1200CA94FB /* Build configuration list for PBXProject "TipCalc" */;
			compatibilityVersion = "Xcode 9.3";
			developmentRegion = en;
			hasScannedForEncodings = 0;
			knownRegions = (
				en,
				Base,
			);
			mainGroup = ED5BBF5426D1DE1200CA94FB;
			productRefGroup = ED5BBF5E26D1DE1200CA94FB /* Products */;
			projectDirPath = "";
			projectRoot = "";
			targets = (
				ED5BBF5C26D1DE1200CA94FB /* TipCalc */,
				ED5BBF7226D1DE1300CA94FB /* TipCalcTests */,
				ED5BBF7D26D1DE1300CA94FB /* TipCalcUITests */,
			);
		};
/* End PBXProject section */

/* Begin PBXResourcesBuildPhase section */
		ED5BBF5B26D1DE1200CA94FB /* Resources */ = {
			isa = PBXResourcesBuildPhase;
			buildActionMask = 2147483647;
			files = (
				ED5BBF6D26D1DE1300CA94FB /* LaunchScreen.storyboard in Resources */,
				ED5BBF6A26D1DE1300CA94FB /* Assets.xcassets in Resources */,
				ED5BBF6826D1DE1200CA94FB /* Main.storyboard in Resources */,
			);
			runOnlyForDeploymentPostprocessing = 0;
		};
		ED5BBF7126D1DE1300CA94FB /* Resources */ = {
			isa = PBXResourcesBuildPhase;
			buildActionMask = 2147483647;
			files = (
			);
			runOnlyForDeploymentPostprocessing = 0;
		};
		ED5BBF7C26D1DE1300CA94FB /* Resources */ = {
			isa = PBXResourcesBuildPhase;
			buildActionMask = 2147483647;
			files = (
			);
			runOnlyForDeploymentPostprocessing = 0;
		};
/* End PBXResourcesBuildPhase section */

/* Begin PBXSourcesBuildPhase section */
		ED5BBF5926D1DE1200CA94FB /* Sources */ = {
			isa = PBXSourcesBuildPhase;
			buildActionMask = 2147483647;
			files = (
				ED5BBF6526D1DE1200CA94FB /* ViewController.swift in Sources */,
				ED5BBF6126D1DE1200CA94FB /* AppDelegate.swift in Sources */,
				ED5BBF6326D1DE1200CA94FB /* SceneDelegate.swift in Sources */,
			);
			runOnlyForDeploymentPostprocessing = 0;
		};
		ED5BBF6F26D1DE1300CA94FB /* Sources */ = {
			isa = PBXSourcesBuildPhase;
			buildActionMask = 2147483647;
			files = (
				ED5BBF7826D1DE1300CA94FB /* PreworkTests.swift in Sources */,
			);
			runOnlyForDeploymentPostprocessing = 0;
		};
		ED5BBF7A26D1DE1300CA94FB /* Sources */ = {
			isa = PBXSourcesBuildPhase;
			buildActionMask = 2147483647;
			files = (
				ED5BBF8326D1DE1300CA94FB /* PreworkTests.swift in Sources */,
			);
			runOnlyForDeploymentPostprocessing = 0;
		};
/* End PBXSourcesBuildPhase section */

/* Begin PBXTargetDependency section */
		ED5BBF7526D1DE1300CA94FB /* PBXTargetDependency */ = {
			isa = PBXTargetDependency;
			target = ED5BBF5C26D1DE1200CA94FB /* TipCalc */;
			targetProxy = ED5BBF7426D1DE1300CA94FB /* PBXContainerItemProxy */;
		};
		ED5BBF8026D1DE1300CA94FB /* PBXTargetDependency */ = {
			isa = PBXTargetDependency;
			target = ED5BBF5C26D1DE1200CA94FB /* TipCalc */;
			targetProxy = ED5BBF7F26D1DE1300CA94FB /* PBXContainerItemProxy */;
		};
/* End PBXTargetDependency section */

/* Begin PBXVariantGroup section */
		ED5BBF6626D1DE1200CA94FB /* Main.storyboard */ = {
			isa = PBXVariantGroup;
			children = (
				ED5BBF6726D1DE1200CA94FB /* Base */,
			);
			name = Main.storyboard;
			sourceTree = "<group>";
		};
		ED5BBF6B26D1DE1300CA94FB /* LaunchScreen.storyboard */ = {
			isa = PBXVariantGroup;
			children = (
				ED5BBF6C26D1DE1300CA94FB /* Base */,
			);
			name = LaunchScreen.storyboard;
			sourceTree = "<group>";
		};
/* End PBXVariantGroup section */

/* Begin XCBuildConfiguration section */
		ED5BBF8526D1DE1300CA94FB /* Debug */ = {
			isa = XCBuildConfiguration;
			buildSettings = {
				ALWAYS_SEARCH_USER_PATHS = NO;
				CLANG_ANALYZER_NONNULL = YES;
				CLANG_ANALYZER_NUMBER_OBJECT_CONVERSION = YES_AGGRESSIVE;
				CLANG_CXX_LANGUAGE_STANDARD = "gnu++14";
				CLANG_CXX_LIBRARY = "libc++";
				CLANG_ENABLE_MODULES = YES;
				CLANG_ENABLE_OBJC_ARC = YES;
				CLANG_ENABLE_OBJC_WEAK = YES;
				CLANG_WARN_BLOCK_CAPTURE_AUTORELEASING = YES;
				CLANG_WARN_BOOL_CONVERSION = YES;
				CLANG_WARN_COMMA = YES;
				CLANG_WARN_CONSTANT_CONVERSION = YES;
				CLANG_WARN_DEPRECATED_OBJC_IMPLEMENTATIONS = YES;
				CLANG_WARN_DIRECT_OBJC_ISA_USAGE = YES_ERROR;
				CLANG_WARN_DOCUMENTATION_COMMENTS = YES;
				CLANG_WARN_EMPTY_BODY = YES;
				CLANG_WARN_ENUM_CONVERSION = YES;
				CLANG_WARN_INFINITE_RECURSION = YES;
				CLANG_WARN_INT_CONVERSION = YES;
				CLANG_WARN_NON_LITERAL_NULL_CONVERSION = YES;
				CLANG_WARN_OBJC_IMPLICIT_RETAIN_SELF = YES;
				CLANG_WARN_OBJC_LITERAL_CONVERSION = YES;
				CLANG_WARN_OBJC_ROOT_CLASS = YES_ERROR;
				CLANG_WARN_QUOTED_INCLUDE_IN_FRAMEWORK_HEADER = YES;
				CLANG_WARN_RANGE_LOOP_ANALYSIS = YES;
				CLANG_WARN_STRICT_PROTOTYPES = YES;
				CLANG_WARN_SUSPICIOUS_MOVE = YES;
				CLANG_WARN_UNGUARDED_AVAILABILITY = YES_AGGRESSIVE;
				CLANG_WARN_UNREACHABLE_CODE = YES;
				CLANG_WARN__DUPLICATE_METHOD_MATCH = YES;
				COPY_PHASE_STRIP = NO;
				DEBUG_INFORMATION_FORMAT = dwarf;
				ENABLE_STRICT_OBJC_MSGSEND = YES;
				ENABLE_TESTABILITY = YES;
				GCC_C_LANGUAGE_STANDARD = gnu11;
				GCC_DYNAMIC_NO_PIC = NO;
				GCC_NO_COMMON_BLOCKS = YES;
				GCC_OPTIMIZATION_LEVEL = 0;
				GCC_PREPROCESSOR_DEFINITIONS = (
					"DEBUG=1",
					"$(inherited)",
				);
				GCC_WARN_64_TO_32_BIT_CONVERSION = YES;
				GCC_WARN_ABOUT_RETURN_TYPE = YES_ERROR;
				GCC_WARN_UNDECLARED_SELECTOR = YES;
				GCC_WARN_UNINITIALIZED_AUTOS = YES_AGGRESSIVE;
				GCC_WARN_UNUSED_FUNCTION = YES;
				GCC_WARN_UNUSED_VARIABLE = YES;
				IPHONEOS_DEPLOYMENT_TARGET = 14.5;
				MTL_ENABLE_DEBUG_INFO = INCLUDE_SOURCE;
				MTL_FAST_MATH = YES;
				ONLY_ACTIVE_ARCH = YES;
				SDKROOT = iphoneos;
				SWIFT_ACTIVE_COMPILATION_CONDITIONS = DEBUG;
				SWIFT_OPTIMIZATION_LEVEL = "-Onone";
			};
			name = Debug;
		};
		ED5BBF8626D1DE1300CA94FB /* Release */ = {
			isa = XCBuildConfiguration;
			buildSettings = {
				ALWAYS_SEARCH_USER_PATHS = NO;
				CLANG_ANALYZER_NONNULL = YES;
				CLANG_ANALYZER_NUMBER_OBJECT_CONVERSION = YES_AGGRESSIVE;
				CLANG_CXX_LANGUAGE_STANDARD = "gnu++14";
				CLANG_CXX_LIBRARY = "libc++";
				CLANG_ENABLE_MODULES = YES;
				CLANG_ENABLE_OBJC_ARC = YES;
				CLANG_ENABLE_OBJC_WEAK = YES;
				CLANG_WARN_BLOCK_CAPTURE_AUTORELEASING = YES;
				CLANG_WARN_BOOL_CONVERSION = YES;
				CLANG_WARN_COMMA = YES;
				CLANG_WARN_CONSTANT_CONVERSION = YES;
				CLANG_WARN_DEPRECATED_OBJC_IMPLEMENTATIONS = YES;
				CLANG_WARN_DIRECT_OBJC_ISA_USAGE = YES_ERROR;
				CLANG_WARN_DOCUMENTATION_COMMENTS = YES;
				CLANG_WARN_EMPTY_BODY = YES;
				CLANG_WARN_ENUM_CONVERSION = YES;
				CLANG_WARN_INFINITE_RECURSION = YES;
				CLANG_WARN_INT_CONVERSION = YES;
				CLANG_WARN_NON_LITERAL_NULL_CONVERSION = YES;
				CLANG_WARN_OBJC_IMPLICIT_RETAIN_SELF = YES;
				CLANG_WARN_OBJC_LITERAL_CONVERSION = YES;
				CLANG_WARN_OBJC_ROOT_CLASS = YES_ERROR;
				CLANG_WARN_QUOTED_INCLUDE_IN_FRAMEWORK_HEADER = YES;
				CLANG_WARN_RANGE_LOOP_ANALYSIS = YES;
				CLANG_WARN_STRICT_PROTOTYPES = YES;
				CLANG_WARN_SUSPICIOUS_MOVE = YES;
				CLANG_WARN_UNGUARDED_AVAILABILITY = YES_AGGRESSIVE;
				CLANG_WARN_UNREACHABLE_CODE = YES;
				CLANG_WARN__DUPLICATE_METHOD_MATCH = YES;
				COPY_PHASE_STRIP = NO;
				DEBUG_INFORMATION_FORMAT = "dwarf-with-dsym";
				ENABLE_NS_ASSERTIONS = NO;
				ENABLE_STRICT_OBJC_MSGSEND = YES;
				GCC_C_LANGUAGE_STANDARD = gnu11;
				GCC_NO_COMMON_BLOCKS = YES;
				GCC_WARN_64_TO_32_BIT_CONVERSION = YES;
				GCC_WARN_ABOUT_RETURN_TYPE = YES_ERROR;
				GCC_WARN_UNDECLARED_SELECTOR = YES;
				GCC_WARN_UNINITIALIZED_AUTOS = YES_AGGRESSIVE;
				GCC_WARN_UNUSED_FUNCTION = YES;
				GCC_WARN_UNUSED_VARIABLE = YES;
				IPHONEOS_DEPLOYMENT_TARGET = 14.5;
				MTL_ENABLE_DEBUG_INFO = NO;
				MTL_FAST_MATH = YES;
				SDKROOT = iphoneos;
				SWIFT_COMPILATION_MODE = wholemodule;
				SWIFT_OPTIMIZATION_LEVEL = "-O";
				VALIDATE_PRODUCT = YES;
			};
			name = Release;
		};
		ED5BBF8826D1DE1300CA94FB /* Debug */ = {
			isa = XCBuildConfiguration;
			buildSettings = {
				ASSETCATALOG_COMPILER_APPICON_NAME = AppIcon;
				ASSETCATALOG_COMPILER_GLOBAL_ACCENT_COLOR_NAME = AccentColor;
				CODE_SIGN_STYLE = Automatic;
				INFOPLIST_FILE = Prework/Info.plist;
				LD_RUNPATH_SEARCH_PATHS = (
					"$(inherited)",
					"@executable_path/Frameworks",
				);
				PRODUCT_BUNDLE_IDENTIFIER = com.ohsungkwon.Prework;
				PRODUCT_NAME = "$(TARGET_NAME)";
				SWIFT_VERSION = 5.0;
				TARGETED_DEVICE_FAMILY = "1,2";
			};
			name = Debug;
		};
		ED5BBF8926D1DE1300CA94FB /* Release */ = {
			isa = XCBuildConfiguration;
			buildSettings = {
				ASSETCATALOG_COMPILER_APPICON_NAME = AppIcon;
				ASSETCATALOG_COMPILER_GLOBAL_ACCENT_COLOR_NAME = AccentColor;
				CODE_SIGN_STYLE = Automatic;
				INFOPLIST_FILE = Prework/Info.plist;
				LD_RUNPATH_SEARCH_PATHS = (
					"$(inherited)",
					"@executable_path/Frameworks",
				);
				PRODUCT_BUNDLE_IDENTIFIER = com.ohsungkwon.Prework;
				PRODUCT_NAME = "$(TARGET_NAME)";
				SWIFT_VERSION = 5.0;
				TARGETED_DEVICE_FAMILY = "1,2";
			};
			name = Release;
		};
		ED5BBF8B26D1DE1300CA94FB /* Debug */ = {
			isa = XCBuildConfiguration;
			buildSettings = {
				ALWAYS_EMBED_SWIFT_STANDARD_LIBRARIES = YES;
				BUNDLE_LOADER = "$(TEST_HOST)";
				CODE_SIGN_STYLE = Automatic;
				INFOPLIST_FILE = PreworkTests/Info.plist;
				IPHONEOS_DEPLOYMENT_TARGET = 14.5;
				LD_RUNPATH_SEARCH_PATHS = (
					"$(inherited)",
					"@executable_path/Frameworks",
					"@loader_path/Frameworks",
				);
				PRODUCT_BUNDLE_IDENTIFIER = com.ohsungkwon.PreworkTests;
				PRODUCT_NAME = "$(TARGET_NAME)";
				SWIFT_VERSION = 5.0;
				TARGETED_DEVICE_FAMILY = "1,2";
				TEST_HOST = "$(BUILT_PRODUCTS_DIR)/TipCalc.app/TipCalc";
			};
			name = Debug;
		};
		ED5BBF8C26D1DE1300CA94FB /* Release */ = {
			isa = XCBuildConfiguration;
			buildSettings = {
				ALWAYS_EMBED_SWIFT_STANDARD_LIBRARIES = YES;
				BUNDLE_LOADER = "$(TEST_HOST)";
				CODE_SIGN_STYLE = Automatic;
				INFOPLIST_FILE = PreworkTests/Info.plist;
				IPHONEOS_DEPLOYMENT_TARGET = 14.5;
				LD_RUNPATH_SEARCH_PATHS = (
					"$(inherited)",
					"@executable_path/Frameworks",
					"@loader_path/Frameworks",
				);
				PRODUCT_BUNDLE_IDENTIFIER = com.ohsungkwon.PreworkTests;
				PRODUCT_NAME = "$(TARGET_NAME)";
				SWIFT_VERSION = 5.0;
				TARGETED_DEVICE_FAMILY = "1,2";
				TEST_HOST = "$(BUILT_PRODUCTS_DIR)/TipCalc.app/TipCalc";
			};
			name = Release;
		};
		ED5BBF8E26D1DE1300CA94FB /* Debug */ = {
			isa = XCBuildConfiguration;
			buildSettings = {
				ALWAYS_EMBED_SWIFT_STANDARD_LIBRARIES = YES;
				CODE_SIGN_STYLE = Automatic;
				INFOPLIST_FILE = PreworkUITests/Info.plist;
				LD_RUNPATH_SEARCH_PATHS = (
					"$(inherited)",
					"@executable_path/Frameworks",
					"@loader_path/Frameworks",
				);
				PRODUCT_BUNDLE_IDENTIFIER = com.ohsungkwon.PreworkUITests;
				PRODUCT_NAME = "$(TARGET_NAME)";
				SWIFT_VERSION = 5.0;
				TARGETED_DEVICE_FAMILY = "1,2";
				TEST_TARGET_NAME = Prework;
			};
			name = Debug;
		};
		ED5BBF8F26D1DE1300CA94FB /* Release */ = {
			isa = XCBuildConfiguration;
			buildSettings = {
				ALWAYS_EMBED_SWIFT_STANDARD_LIBRARIES = YES;
				CODE_SIGN_STYLE = Automatic;
				INFOPLIST_FILE = PreworkUITests/Info.plist;
				LD_RUNPATH_SEARCH_PATHS = (
					"$(inherited)",
					"@executable_path/Frameworks",
					"@loader_path/Frameworks",
				);
				PRODUCT_BUNDLE_IDENTIFIER = com.ohsungkwon.PreworkUITests;
				PRODUCT_NAME = "$(TARGET_NAME)";
				SWIFT_VERSION = 5.0;
				TARGETED_DEVICE_FAMILY = "1,2";
				TEST_TARGET_NAME = Prework;
			};
			name = Release;
		};
/* End XCBuildConfiguration section */

/* Begin XCConfigurationList section */
		ED5BBF5826D1DE1200CA94FB /* Build configuration list for PBXProject "TipCalc" */ = {
			isa = XCConfigurationList;
			buildConfigurations = (
				ED5BBF8526D1DE1300CA94FB /* Debug */,
				ED5BBF8626D1DE1300CA94FB /* Release */,
			);
			defaultConfigurationIsVisible = 0;
			defaultConfigurationName = Release;
		};
		ED5BBF8726D1DE1300CA94FB /* Build configuration list for PBXNativeTarget "TipCalc" */ = {
			isa = XCConfigurationList;
			buildConfigurations = (
				ED5BBF8826D1DE1300CA94FB /* Debug */,
				ED5BBF8926D1DE1300CA94FB /* Release */,
			);
			defaultConfigurationIsVisible = 0;
			defaultConfigurationName = Release;
		};
		ED5BBF8A26D1DE1300CA94FB /* Build configuration list for PBXNativeTarget "TipCalcTests" */ = {
			isa = XCConfigurationList;
			buildConfigurations = (
				ED5BBF8B26D1DE1300CA94FB /* Debug */,
				ED5BBF8C26D1DE1300CA94FB /* Release */,
			);
			defaultConfigurationIsVisible = 0;
			defaultConfigurationName = Release;
		};
		ED5BBF8D26D1DE1300CA94FB /* Build configuration list for PBXNativeTarget "TipCalcUITests" */ = {
			isa = XCConfigurationList;
			buildConfigurations = (
				ED5BBF8E26D1DE1300CA94FB /* Debug */,
				ED5BBF8F26D1DE1300CA94FB /* Release */,
			);
			defaultConfigurationIsVisible = 0;
			defaultConfigurationName = Release;
		};
/* End XCConfigurationList section */
	};
	rootObject = ED5BBF5526D1DE1200CA94FB /* Project object */;
}
